// !$*UTF8*$!
{
	archiveVersion = 1;
	classes = {
	};
	objectVersion = 46;
	objects = {

/* Begin PBXBuildFile section */
		5EF7C0901F2D614300FC94AA /* AppDelegate.swift in Sources */ = {isa = PBXBuildFile; fileRef = 5EF7C08F1F2D614300FC94AA /* AppDelegate.swift */; };
		5EF7C0921F2D614300FC94AA /* FirstViewController.swift in Sources */ = {isa = PBXBuildFile; fileRef = 5EF7C0911F2D614300FC94AA /* FirstViewController.swift */; };
		5EF7C0941F2D614300FC94AA /* SecondViewController.swift in Sources */ = {isa = PBXBuildFile; fileRef = 5EF7C0931F2D614300FC94AA /* SecondViewController.swift */; };
		5EF7C0971F2D614300FC94AA /* Main.storyboard in Resources */ = {isa = PBXBuildFile; fileRef = 5EF7C0951F2D614300FC94AA /* Main.storyboard */; };
		5EF7C0991F2D614300FC94AA /* Assets.xcassets in Resources */ = {isa = PBXBuildFile; fileRef = 5EF7C0981F2D614300FC94AA /* Assets.xcassets */; };
		5EF7C09C1F2D614300FC94AA /* LaunchScreen.storyboard in Resources */ = {isa = PBXBuildFile; fileRef = 5EF7C09A1F2D614300FC94AA /* LaunchScreen.storyboard */; };
		5EF7C0A81F2D648900FC94AA /* Score.swift in Sources */ = {isa = PBXBuildFile; fileRef = 5EF7C0A71F2D648900FC94AA /* Score.swift */; };
		5EF7C0AA1F2D649400FC94AA /* Course.swift in Sources */ = {isa = PBXBuildFile; fileRef = 5EF7C0A91F2D649400FC94AA /* Course.swift */; };
		5EF7C0AC1F2D6A4500FC94AA /* HandicapCalculator.swift in Sources */ = {isa = PBXBuildFile; fileRef = 5EF7C0AB1F2D6A4500FC94AA /* HandicapCalculator.swift */; };
/* End PBXBuildFile section */

/* Begin PBXFileReference section */
		5EF7C08C1F2D614300FC94AA /* Cappie.app */ = {isa = PBXFileReference; explicitFileType = wrapper.application; includeInIndex = 0; path = Cappie.app; sourceTree = BUILT_PRODUCTS_DIR; };
		5EF7C08F1F2D614300FC94AA /* AppDelegate.swift */ = {isa = PBXFileReference; lastKnownFileType = sourcecode.swift; path = AppDelegate.swift; sourceTree = "<group>"; };
		5EF7C0911F2D614300FC94AA /* FirstViewController.swift */ = {isa = PBXFileReference; lastKnownFileType = sourcecode.swift; path = FirstViewController.swift; sourceTree = "<group>"; };
		5EF7C0931F2D614300FC94AA /* SecondViewController.swift */ = {isa = PBXFileReference; lastKnownFileType = sourcecode.swift; path = SecondViewController.swift; sourceTree = "<group>"; };
		5EF7C0961F2D614300FC94AA /* Base */ = {isa = PBXFileReference; lastKnownFileType = file.storyboard; name = Base; path = Base.lproj/Main.storyboard; sourceTree = "<group>"; };
		5EF7C0981F2D614300FC94AA /* Assets.xcassets */ = {isa = PBXFileReference; lastKnownFileType = folder.assetcatalog; path = Assets.xcassets; sourceTree = "<group>"; };
		5EF7C09B1F2D614300FC94AA /* Base */ = {isa = PBXFileReference; lastKnownFileType = file.storyboard; name = Base; path = Base.lproj/LaunchScreen.storyboard; sourceTree = "<group>"; };
		5EF7C09D1F2D614300FC94AA /* Info.plist */ = {isa = PBXFileReference; lastKnownFileType = text.plist.xml; path = Info.plist; sourceTree = "<group>"; };
		5EF7C0A71F2D648900FC94AA /* Score.swift */ = {isa = PBXFileReference; fileEncoding = 4; lastKnownFileType = sourcecode.swift; path = Score.swift; sourceTree = "<group>"; };
		5EF7C0A91F2D649400FC94AA /* Course.swift */ = {isa = PBXFileReference; fileEncoding = 4; lastKnownFileType = sourcecode.swift; path = Course.swift; sourceTree = "<group>"; };
		5EF7C0AB1F2D6A4500FC94AA /* HandicapCalculator.swift */ = {isa = PBXFileReference; fileEncoding = 4; lastKnownFileType = sourcecode.swift; path = HandicapCalculator.swift; sourceTree = "<group>"; };
/* End PBXFileReference section */

/* Begin PBXFrameworksBuildPhase section */
		5EF7C0891F2D614300FC94AA /* Frameworks */ = {
			isa = PBXFrameworksBuildPhase;
			buildActionMask = 2147483647;
			files = (
			);
			runOnlyForDeploymentPostprocessing = 0;
		};
/* End PBXFrameworksBuildPhase section */

/* Begin PBXGroup section */
		5EF7C0831F2D614300FC94AA = {
			isa = PBXGroup;
			children = (
				5EF7C08E1F2D614300FC94AA /* Cappie */,
				5EF7C08D1F2D614300FC94AA /* Products */,
			);
			sourceTree = "<group>";
		};
		5EF7C08D1F2D614300FC94AA /* Products */ = {
			isa = PBXGroup;
			children = (
				5EF7C08C1F2D614300FC94AA /* Cappie.app */,
			);
			name = Products;
			sourceTree = "<group>";
		};
		5EF7C08E1F2D614300FC94AA /* Cappie */ = {
			isa = PBXGroup;
			children = (
				5EF7C08F1F2D614300FC94AA /* AppDelegate.swift */,
				5EF7C0911F2D614300FC94AA /* FirstViewController.swift */,
				5EF7C0AB1F2D6A4500FC94AA /* HandicapCalculator.swift */,
				5EF7C0A61F2D647B00FC94AA /* Models */,
				5EF7C0931F2D614300FC94AA /* SecondViewController.swift */,
				5EF7C0951F2D614300FC94AA /* Main.storyboard */,
				5EF7C0981F2D614300FC94AA /* Assets.xcassets */,
				5EF7C09A1F2D614300FC94AA /* LaunchScreen.storyboard */,
				5EF7C09D1F2D614300FC94AA /* Info.plist */,
			);
			path = Cappie;
			sourceTree = "<group>";
		};
		5EF7C0A61F2D647B00FC94AA /* Models */ = {
			isa = PBXGroup;
			children = (
				5EF7C0A71F2D648900FC94AA /* Score.swift */,
				5EF7C0A91F2D649400FC94AA /* Course.swift */,
			);
			name = Models;
			sourceTree = "<group>";
		};
/* End PBXGroup section */

/* Begin PBXNativeTarget section */
		5EF7C08B1F2D614300FC94AA /* Cappie */ = {
			isa = PBXNativeTarget;
			buildConfigurationList = 5EF7C0A01F2D614300FC94AA /* Build configuration list for PBXNativeTarget "Cappie" */;
			buildPhases = (
				5EF7C0881F2D614300FC94AA /* Sources */,
				5EF7C0891F2D614300FC94AA /* Frameworks */,
				5EF7C08A1F2D614300FC94AA /* Resources */,
			);
			buildRules = (
			);
			dependencies = (
			);
			name = Cappie;
			productName = Cappie;
			productReference = 5EF7C08C1F2D614300FC94AA /* Cappie.app */;
			productType = "com.apple.product-type.application";
		};
/* End PBXNativeTarget section */

/* Begin PBXProject section */
		5EF7C0841F2D614300FC94AA /* Project object */ = {
			isa = PBXProject;
			attributes = {
				LastSwiftUpdateCheck = 0820;
				LastUpgradeCheck = 0820;
				ORGANIZATIONNAME = "Scott Wallace";
				TargetAttributes = {
					5EF7C08B1F2D614300FC94AA = {
						CreatedOnToolsVersion = 8.2.1;
						DevelopmentTeam = 8UQ7G5Z6F8;
						ProvisioningStyle = Automatic;
					};
				};
			};
			buildConfigurationList = 5EF7C0871F2D614300FC94AA /* Build configuration list for PBXProject "Cappie" */;
			compatibilityVersion = "Xcode 3.2";
			developmentRegion = English;
			hasScannedForEncodings = 0;
			knownRegions = (
				en,
				Base,
			);
			mainGroup = 5EF7C0831F2D614300FC94AA;
			productRefGroup = 5EF7C08D1F2D614300FC94AA /* Products */;
			projectDirPath = "";
			projectRoot = "";
			targets = (
				5EF7C08B1F2D614300FC94AA /* Cappie */,
			);
		};
/* End PBXProject section */

/* Begin PBXResourcesBuildPhase section */
		5EF7C08A1F2D614300FC94AA /* Resources */ = {
			isa = PBXResourcesBuildPhase;
			buildActionMask = 2147483647;
			files = (
				5EF7C09C1F2D614300FC94AA /* LaunchScreen.storyboard in Resources */,
				5EF7C0991F2D614300FC94AA /* Assets.xcassets in Resources */,
				5EF7C0971F2D614300FC94AA /* Main.storyboard in Resources */,
			);
			runOnlyForDeploymentPostprocessing = 0;
		};
/* End PBXResourcesBuildPhase section */

/* Begin PBXSourcesBuildPhase section */
		5EF7C0881F2D614300FC94AA /* Sources */ = {
			isa = PBXSourcesBuildPhase;
			buildActionMask = 2147483647;
			files = (
				5EF7C0941F2D614300FC94AA /* SecondViewController.swift in Sources */,
				5EF7C0901F2D614300FC94AA /* AppDelegate.swift in Sources */,
				5EF7C0AC1F2D6A4500FC94AA /* HandicapCalculator.swift in Sources */,
				5EF7C0AA1F2D649400FC94AA /* Course.swift in Sources */,
				5EF7C0A81F2D648900FC94AA /* Score.swift in Sources */,
				5EF7C0921F2D614300FC94AA /* FirstViewController.swift in Sources */,
			);
			runOnlyForDeploymentPostprocessing = 0;
		};
/* End PBXSourcesBuildPhase section */

/* Begin PBXVariantGroup section */
		5EF7C0951F2D614300FC94AA /* Main.storyboard */ = {
			isa = PBXVariantGroup;
			children = (
				5EF7C0961F2D614300FC94AA /* Base */,
			);
			name = Main.storyboard;
			sourceTree = "<group>";
		};
		5EF7C09A1F2D614300FC94AA /* LaunchScreen.storyboard */ = {
			isa = PBXVariantGroup;
			children = (
				5EF7C09B1F2D614300FC94AA /* Base */,
			);
			name = LaunchScreen.storyboard;
			sourceTree = "<group>";
		};
/* End PBXVariantGroup section */

/* Begin XCBuildConfiguration section */
		5EF7C09E1F2D614300FC94AA /* Debug */ = {
			isa = XCBuildConfiguration;
			buildSettings = {
				ALWAYS_SEARCH_USER_PATHS = NO;
				CLANG_ANALYZER_NONNULL = YES;
				CLANG_CXX_LANGUAGE_STANDARD = "gnu++0x";
				CLANG_CXX_LIBRARY = "libc++";
				CLANG_ENABLE_MODULES = YES;
				CLANG_ENABLE_OBJC_ARC = YES;
				CLANG_WARN_BOOL_CONVERSION = YES;
				CLANG_WARN_CONSTANT_CONVERSION = YES;
				CLANG_WARN_DIRECT_OBJC_ISA_USAGE = YES_ERROR;
				CLANG_WARN_DOCUMENTATION_COMMENTS = YES;
				CLANG_WARN_EMPTY_BODY = YES;
				CLANG_WARN_ENUM_CONVERSION = YES;
				CLANG_WARN_INFINITE_RECURSION = YES;
				CLANG_WARN_INT_CONVERSION = YES;
				CLANG_WARN_OBJC_ROOT_CLASS = YES_ERROR;
				CLANG_WARN_SUSPICIOUS_MOVE = YES;
				CLANG_WARN_UNREACHABLE_CODE = YES;
				CLANG_WARN__DUPLICATE_METHOD_MATCH = YES;
				"CODE_SIGN_IDENTITY[sdk=iphoneos*]" = "iPhone Developer";
				COPY_PHASE_STRIP = NO;
				DEBUG_INFORMATION_FORMAT = dwarf;
				ENABLE_STRICT_OBJC_MSGSEND = YES;
				ENABLE_TESTABILITY = YES;
				GCC_C_LANGUAGE_STANDARD = gnu99;
				GCC_DYNAMIC_NO_PIC = NO;
				GCC_NO_COMMON_BLOCKS = YES;
				GCC_OPTIMIZATION_LEVEL = 0;
				GCC_PREPROCESSOR_DEFINITIONS = (
					"DEBUG=1",
					"$(inherited)",
				);
				GCC_WARN_64_TO_32_BIT_CONVERSION = YES;
				GCC_WARN_ABOUT_RETURN_TYPE = YES_ERROR;
				GCC_WARN_UNDECLARED_SELECTOR = YES;
				GCC_WARN_UNINITIALIZED_AUTOS = YES_AGGRESSIVE;
				GCC_WARN_UNUSED_FUNCTION = YES;
				GCC_WARN_UNUSED_VARIABLE = YES;
				IPHONEOS_DEPLOYMENT_TARGET = 10.2;
				MTL_ENABLE_DEBUG_INFO = YES;
				ONLY_ACTIVE_ARCH = YES;
				SDKROOT = iphoneos;
				SWIFT_ACTIVE_COMPILATION_CONDITIONS = DEBUG;
				SWIFT_OPTIMIZATION_LEVEL = "-Onone";
				TARGETED_DEVICE_FAMILY = "1,2";
			};
			name = Debug;
		};
		5EF7C09F1F2D614300FC94AA /* Release */ = {
			isa = XCBuildConfiguration;
			buildSettings = {
				ALWAYS_SEARCH_USER_PATHS = NO;
				CLANG_ANALYZER_NONNULL = YES;
				CLANG_CXX_LANGUAGE_STANDARD = "gnu++0x";
				CLANG_CXX_LIBRARY = "libc++";
				CLANG_ENABLE_MODULES = YES;
				CLANG_ENABLE_OBJC_ARC = YES;
				CLANG_WARN_BOOL_CONVERSION = YES;
				CLANG_WARN_CONSTANT_CONVERSION = YES;
				CLANG_WARN_DIRECT_OBJC_ISA_USAGE = YES_ERROR;
				CLANG_WARN_DOCUMENTATION_COMMENTS = YES;
				CLANG_WARN_EMPTY_BODY = YES;
				CLANG_WARN_ENUM_CONVERSION = YES;
				CLANG_WARN_INFINITE_RECURSION = YES;
				CLANG_WARN_INT_CONVERSION = YES;
				CLANG_WARN_OBJC_ROOT_CLASS = YES_ERROR;
				CLANG_WARN_SUSPICIOUS_MOVE = YES;
				CLANG_WARN_UNREACHABLE_CODE = YES;
				CLANG_WARN__DUPLICATE_METHOD_MATCH = YES;
				"CODE_SIGN_IDENTITY[sdk=iphoneos*]" = "iPhone Developer";
				COPY_PHASE_STRIP = NO;
				DEBUG_INFORMATION_FORMAT = "dwarf-with-dsym";
				ENABLE_NS_ASSERTIONS = NO;
				ENABLE_STRICT_OBJC_MSGSEND = YES;
				GCC_C_LANGUAGE_STANDARD = gnu99;
				GCC_NO_COMMON_BLOCKS = YES;
				GCC_WARN_64_TO_32_BIT_CONVERSION = YES;
				GCC_WARN_ABOUT_RETURN_TYPE = YES_ERROR;
				GCC_WARN_UNDECLARED_SELECTOR = YES;
				GCC_WARN_UNINITIALIZED_AUTOS = YES_AGGRESSIVE;
				GCC_WARN_UNUSED_FUNCTION = YES;
				GCC_WARN_UNUSED_VARIABLE = YES;
				IPHONEOS_DEPLOYMENT_TARGET = 10.2;
				MTL_ENABLE_DEBUG_INFO = NO;
				SDKROOT = iphoneos;
				SWIFT_OPTIMIZATION_LEVEL = "-Owholemodule";
				TARGETED_DEVICE_FAMILY = "1,2";
				VALIDATE_PRODUCT = YES;
			};
			name = Release;
		};
		5EF7C0A11F2D614300FC94AA /* Debug */ = {
			isa = XCBuildConfiguration;
			buildSettings = {
				ASSETCATALOG_COMPILER_APPICON_NAME = AppIcon;
				DEVELOPMENT_TEAM = 8UQ7G5Z6F8;
				INFOPLIST_FILE = Cappie/Info.plist;
				LD_RUNPATH_SEARCH_PATHS = "$(inherited) @executable_path/Frameworks";
				PRODUCT_BUNDLE_IDENTIFIER = com.swallace.Cappie;
				PRODUCT_NAME = "$(TARGET_NAME)";
				SWIFT_VERSION = 3.0;
			};
			name = Debug;
		};
		5EF7C0A21F2D614300FC94AA /* Release */ = {
			isa = XCBuildConfiguration;
			buildSettings = {
				ASSETCATALOG_COMPILER_APPICON_NAME = AppIcon;
				DEVELOPMENT_TEAM = 8UQ7G5Z6F8;
				INFOPLIST_FILE = Cappie/Info.plist;
				LD_RUNPATH_SEARCH_PATHS = "$(inherited) @executable_path/Frameworks";
				PRODUCT_BUNDLE_IDENTIFIER = com.swallace.Cappie;
				PRODUCT_NAME = "$(TARGET_NAME)";
				SWIFT_VERSION = 3.0;
			};
			name = Release;
		};
/* End XCBuildConfiguration section */

/* Begin XCConfigurationList section */
		5EF7C0871F2D614300FC94AA /* Build configuration list for PBXProject "Cappie" */ = {
			isa = XCConfigurationList;
			buildConfigurations = (
				5EF7C09E1F2D614300FC94AA /* Debug */,
				5EF7C09F1F2D614300FC94AA /* Release */,
			);
			defaultConfigurationIsVisible = 0;
			defaultConfigurationName = Release;
		};
		5EF7C0A01F2D614300FC94AA /* Build configuration list for PBXNativeTarget "Cappie" */ = {
			isa = XCConfigurationList;
			buildConfigurations = (
				5EF7C0A11F2D614300FC94AA /* Debug */,
				5EF7C0A21F2D614300FC94AA /* Release */,
			);
			defaultConfigurationIsVisible = 0;
		};
/* End XCConfigurationList section */
	};
	rootObject = 5EF7C0841F2D614300FC94AA /* Project object */;
}
